lockfileVersion: '9.0'

settings:
  autoInstallPeers: true
  excludeLinksFromLockfile: false

importers:

  .:
    dependencies:
      deno-bin:
        specifier: ^1.44.4
        version: 1.44.4

packages:

  adm-zip@0.5.14:
    resolution: {integrity: sha512-DnyqqifT4Jrcvb8USYjp6FHtBpEIz1mnXu6pTRHZ0RL69LbQYiO+0lDFg5+OKA7U29oWSs3a/i8fhn8ZcceIWg==}
    engines: {node: '>=12.0'}

  deno-bin@1.44.4:
    resolution: {integrity: sha512-IJWKr7o4Qh7iB9yhNfvJURPsfifPqTcrmg45J95oS2vvDv3OdRCf8SNramL3cqcsYyLeQeTRzNj2QgmjH14oyw==}
    hasBin: true

snapshots:

  adm-zip@0.5.14: {}

  deno-bin@1.44.4:
    dependencies:
      adm-zip: 0.5.14
